
Microsoft Visual Studio Solution File, Format Version 12.00
# Visual Studio Version 17
VisualStudioVersion = 17.8.34309.116
MinimumVisualStudioVersion = 10.0.40219.1
Project("{FAE04EC0-301F-11D3-BF4B-00C04F79EFBC}") = "TRS-VariationsCount", "TRS-VariationsCount\TRS-VariationsCount.csproj", "{91823498-0CF4-4591-B170-CA7BC9F1FF8F}"
EndProject
Global
	GlobalSection(SolutionConfigurationPlatforms) = preSolution
		Debug|Any CPU = Debug|Any CPU
		Release|Any CPU = Release|Any CPU
	EndGlobalSection
	GlobalSection(ProjectConfigurationPlatforms) = postSolution
		{91823498-0CF4-4591-B170-CA7BC9F1FF8F}.Debug|Any CPU.ActiveCfg = Debug|Any CPU
		{91823498-0CF4-4591-B170-CA7BC9F1FF8F}.Debug|Any CPU.Build.0 = Debug|Any CPU
		{91823498-0CF4-4591-B170-CA7BC9F1FF8F}.Release|Any CPU.ActiveCfg = Release|Any CPU
		{91823498-0CF4-4591-B170-CA7BC9F1FF8F}.Release|Any CPU.Build.0 = Release|Any CPU
	EndGlobalSection
	GlobalSection(SolutionProperties) = preSolution
		HideSolutionNode = FALSE
	EndGlobalSection
	GlobalSection(ExtensibilityGlobals) = postSolution
		SolutionGuid = {32355A49-D213-4B6B-BEE4-383349A83B98}
	EndGlobalSection
EndGlobal
